
Microsoft Visual Studio Solution File, Format Version 12.00
# Visual Studio Version 16
VisualStudioVersion = 16.0.29102.190
MinimumVisualStudioVersion = 10.0.40219.1
Project("{FAE04EC0-301F-11D3-BF4B-00C04F79EFBC}") = "metods_reglamentGATE", "metods_reglamentGATE\metods_reglamentGATE.csproj", "{187BF1F0-B104-46B6-AC2C-939571E7169B}"
EndProject
Global
	GlobalSection(SolutionConfigurationPlatforms) = preSolution
		Debug|Any CPU = Debug|Any CPU
		Release|Any CPU = Release|Any CPU
	EndGlobalSection
	GlobalSection(ProjectConfigurationPlatforms) = postSolution
		{187BF1F0-B104-46B6-AC2C-939571E7169B}.Debug|Any CPU.ActiveCfg = Debug|Any CPU
		{187BF1F0-B104-46B6-AC2C-939571E7169B}.Debug|Any CPU.Build.0 = Debug|Any CPU
		{187BF1F0-B104-46B6-AC2C-939571E7169B}.Release|Any CPU.ActiveCfg = Release|Any CPU
		{187BF1F0-B104-46B6-AC2C-939571E7169B}.Release|Any CPU.Build.0 = Release|Any CPU
	EndGlobalSection
	GlobalSection(SolutionProperties) = preSolution
		HideSolutionNode = FALSE
	EndGlobalSection
	GlobalSection(ExtensibilityGlobals) = postSolution
		SolutionGuid = {71C9436B-B0DB-4162-9832-FB5F5BA04F3D}
	EndGlobalSection
EndGlobal
